
Microsoft Visual Studio Solution File, Format Version 12.00
# Visual Studio 2013
VisualStudioVersion = 12.0.30501.0
MinimumVisualStudioVersion = 10.0.40219.1
Project("{FAE04EC0-301F-11D3-BF4B-00C04F79EFBC}") = "Todo.Android", "Todo.Android\Todo.Android.csproj", "{D591C7FD-3D44-41DB-BB86-F468CF6380C5}"
EndProject
Project("{D954291E-2A0B-460D-934E-DC6B0785DB48}") = "Todo.Shared", "Todo.Shared\Todo.Shared.shproj", "{4FF4A345-1B5E-429D-AEA4-13FF168434AD}"
EndProject
Project("{FAE04EC0-301F-11D3-BF4B-00C04F79EFBC}") = "Todo.Server", "Todo.Server\Todo.Server.csproj", "{637A5817-2159-4612-AFB8-587B26C79097}"
EndProject
Global
	GlobalSection(SharedMSBuildProjectFiles) = preSolution
		Todo.Shared\Todo.Shared.projitems*{d591c7fd-3d44-41db-bb86-f468cf6380c5}*SharedItemsImports = 4
		Todo.Shared\Todo.Shared.projitems*{4ff4a345-1b5e-429d-aea4-13ff168434ad}*SharedItemsImports = 13
	EndGlobalSection
	GlobalSection(SolutionConfigurationPlatforms) = preSolution
		Debug|Any CPU = Debug|Any CPU
		Release|Any CPU = Release|Any CPU
	EndGlobalSection
	GlobalSection(ProjectConfigurationPlatforms) = postSolution
		{D591C7FD-3D44-41DB-BB86-F468CF6380C5}.Debug|Any CPU.ActiveCfg = Debug|Any CPU
		{D591C7FD-3D44-41DB-BB86-F468CF6380C5}.Debug|Any CPU.Build.0 = Debug|Any CPU
		{D591C7FD-3D44-41DB-BB86-F468CF6380C5}.Debug|Any CPU.Deploy.0 = Debug|Any CPU
		{D591C7FD-3D44-41DB-BB86-F468CF6380C5}.Release|Any CPU.ActiveCfg = Release|Any CPU
		{D591C7FD-3D44-41DB-BB86-F468CF6380C5}.Release|Any CPU.Build.0 = Release|Any CPU
		{D591C7FD-3D44-41DB-BB86-F468CF6380C5}.Release|Any CPU.Deploy.0 = Release|Any CPU
		{637A5817-2159-4612-AFB8-587B26C79097}.Debug|Any CPU.ActiveCfg = Debug|Any CPU
		{637A5817-2159-4612-AFB8-587B26C79097}.Debug|Any CPU.Build.0 = Debug|Any CPU
		{637A5817-2159-4612-AFB8-587B26C79097}.Release|Any CPU.ActiveCfg = Release|Any CPU
		{637A5817-2159-4612-AFB8-587B26C79097}.Release|Any CPU.Build.0 = Release|Any CPU
	EndGlobalSection
	GlobalSection(SolutionProperties) = preSolution
		HideSolutionNode = FALSE
	EndGlobalSection
	GlobalSection(MonoDevelopProperties) = preSolution
		StartupItem = Todo.Android\Todo.Android.csproj
	EndGlobalSection
EndGlobal
